
Microsoft Visual Studio Solution File, Format Version 12.00
# Visual Studio Version 16
VisualStudioVersion = 16.0.31729.503
MinimumVisualStudioVersion = 10.0.40219.1
Project("{9A19103F-16F7-4668-BE54-9A1E7A4F7556}") = "CmsShoppingCart", "CmsShoppingCart\CmsShoppingCart.csproj", "{C858BFE4-8A72-4B77-9A26-9E2EB04CF320}"
EndProject
Project("{FAE04EC0-301F-11D3-BF4B-00C04F79EFBC}") = "CmsShoppingCart.DAL", "CmsShoppingCart.DAL\CmsShoppingCart.DAL.csproj", "{4A93A3F4-EF28-42E4-81F4-C93DC5C32BFB}"
EndProject
Global
	GlobalSection(SolutionConfigurationPlatforms) = preSolution
		Debug|Any CPU = Debug|Any CPU
		Release|Any CPU = Release|Any CPU
	EndGlobalSection
	GlobalSection(ProjectConfigurationPlatforms) = postSolution
		{C858BFE4-8A72-4B77-9A26-9E2EB04CF320}.Debug|Any CPU.ActiveCfg = Debug|Any CPU
		{C858BFE4-8A72-4B77-9A26-9E2EB04CF320}.Debug|Any CPU.Build.0 = Debug|Any CPU
		{C858BFE4-8A72-4B77-9A26-9E2EB04CF320}.Release|Any CPU.ActiveCfg = Release|Any CPU
		{C858BFE4-8A72-4B77-9A26-9E2EB04CF320}.Release|Any CPU.Build.0 = Release|Any CPU
		{4A93A3F4-EF28-42E4-81F4-C93DC5C32BFB}.Debug|Any CPU.ActiveCfg = Debug|Any CPU
		{4A93A3F4-EF28-42E4-81F4-C93DC5C32BFB}.Debug|Any CPU.Build.0 = Debug|Any CPU
		{4A93A3F4-EF28-42E4-81F4-C93DC5C32BFB}.Release|Any CPU.ActiveCfg = Release|Any CPU
		{4A93A3F4-EF28-42E4-81F4-C93DC5C32BFB}.Release|Any CPU.Build.0 = Release|Any CPU
	EndGlobalSection
	GlobalSection(SolutionProperties) = preSolution
		HideSolutionNode = FALSE
	EndGlobalSection
	GlobalSection(ExtensibilityGlobals) = postSolution
		SolutionGuid = {BE5055E1-C434-4497-A127-BBD9F56DCACE}
	EndGlobalSection
EndGlobal
